{
  "nodes": {
    "mozillapkgs": {
      "flake": false,
      "locked": {
        "lastModified": 1603906276,
        "narHash": "sha256-RsNPnEKd7BcogwkqhaV5kI/HuNC4flH/OQCC/4W5y/8=",
        "owner": "mozilla",
        "repo": "nixpkgs-mozilla",
        "rev": "8c007b60731c07dd7a052cce508de3bb1ae849b4",
        "type": "github"
      },
      "original": {
        "owner": "mozilla",
        "repo": "nixpkgs-mozilla",
        "type": "github"
      }
    },
    "naersk": {
      "inputs": {
        "nixpkgs": "nixpkgs"
      },
      "locked": {
        "lastModified": 1606830243,
        "narHash": "sha256-XuHaoQNTZ+aUvM6GjsGr8bax51Vvif+kuq4il6d4ZSU=",
        "owner": "nmattia",
        "repo": "naersk",
        "rev": "a76924cbbb17c387e5ae4998a4721d88a3ac95c0",
        "type": "github"
      },
      "original": {
        "owner": "nmattia",
        "repo": "naersk",
        "type": "github"
      }
    },
    "nixpkgs": {
      "locked": {
        "lastModified": 1610041835,
        "narHash": "sha256-WXWaMt8W746JDgLls4g3AfCuKbcQUNL/YjikJIgsCGQ=",
        "owner": "NixOS",
        "repo": "nixpkgs",
        "rev": "f211631c1cb3e94828c7650b5d12c1e5a89e0e16",
        "type": "github"
      },
      "original": {
        "id": "nixpkgs",
        "type": "indirect"
      }
    },
    "nixpkgs_2": {
      "locked": {
        "lastModified": 1610041835,
        "narHash": "sha256-WXWaMt8W746JDgLls4g3AfCuKbcQUNL/YjikJIgsCGQ=",
        "owner": "NixOS",
        "repo": "nixpkgs",
        "rev": "f211631c1cb3e94828c7650b5d12c1e5a89e0e16",
        "type": "github"
      },
      "original": {
        "id": "nixpkgs",
        "type": "indirect"
      }
    },
    "root": {
      "inputs": {
        "mozillapkgs": "mozillapkgs",
        "naersk": "naersk",
        "nixpkgs": "nixpkgs_2",
        "utils": "utils"
      }
    },
    "utils": {
      "locked": {
        "lastModified": 1610051610,
        "narHash": "sha256-U9rPz/usA1/Aohhk7Cmc2gBrEEKRzcW4nwPWMPwja4Y=",
        "owner": "numtide",
        "repo": "flake-utils",
        "rev": "3982c9903e93927c2164caa727cd3f6a0e6d14cc",
        "type": "github"
      },
      "original": {
        "owner": "numtide",
        "repo": "flake-utils",
        "type": "github"
      }
    }
  },
  "root": "root",
  "version": 7
}
